
Microsoft Visual Studio Solution File, Format Version 12.00
# Visual Studio 15
VisualStudioVersion = 15.0.27703.2035
MinimumVisualStudioVersion = 10.0.40219.1
Project("{FAE04EC0-301F-11D3-BF4B-00C04F79EFBC}") = "Tasker.Mobile.Android", "Tasker.Mobile\Tasker.Mobile.Android\Tasker.Mobile.Android.csproj", "{73519648-5E19-4F92-97A1-EE3373A03A6C}"
EndProject
Project("{FAE04EC0-301F-11D3-BF4B-00C04F79EFBC}") = "Tasker.Mobile", "Tasker.Mobile\Tasker.Mobile\Tasker.Mobile.csproj", "{75D38581-741B-449C-AB97-853B1548288C}"
EndProject
Global
	GlobalSection(SolutionConfigurationPlatforms) = preSolution
		Debug|Any CPU = Debug|Any CPU
		Release|Any CPU = Release|Any CPU
	EndGlobalSection
	GlobalSection(ProjectConfigurationPlatforms) = postSolution
		{73519648-5E19-4F92-97A1-EE3373A03A6C}.Debug|Any CPU.ActiveCfg = Debug|Any CPU
		{73519648-5E19-4F92-97A1-EE3373A03A6C}.Debug|Any CPU.Build.0 = Debug|Any CPU
		{73519648-5E19-4F92-97A1-EE3373A03A6C}.Debug|Any CPU.Deploy.0 = Debug|Any CPU
		{73519648-5E19-4F92-97A1-EE3373A03A6C}.Release|Any CPU.ActiveCfg = Release|Any CPU
		{73519648-5E19-4F92-97A1-EE3373A03A6C}.Release|Any CPU.Build.0 = Release|Any CPU
		{73519648-5E19-4F92-97A1-EE3373A03A6C}.Release|Any CPU.Deploy.0 = Release|Any CPU
		{75D38581-741B-449C-AB97-853B1548288C}.Debug|Any CPU.ActiveCfg = Debug|Any CPU
		{75D38581-741B-449C-AB97-853B1548288C}.Debug|Any CPU.Build.0 = Debug|Any CPU
		{75D38581-741B-449C-AB97-853B1548288C}.Debug|Any CPU.Deploy.0 = Debug|Any CPU
		{75D38581-741B-449C-AB97-853B1548288C}.Release|Any CPU.ActiveCfg = Release|Any CPU
		{75D38581-741B-449C-AB97-853B1548288C}.Release|Any CPU.Build.0 = Release|Any CPU
		{75D38581-741B-449C-AB97-853B1548288C}.Release|Any CPU.Deploy.0 = Release|Any CPU
	EndGlobalSection
	GlobalSection(SolutionProperties) = preSolution
		HideSolutionNode = FALSE
	EndGlobalSection
	GlobalSection(ExtensibilityGlobals) = postSolution
		SolutionGuid = {9CBA51C8-A872-403D-8D19-B6808B851EC7}
	EndGlobalSection
EndGlobal
